// !$*UTF8*$!
{
	archiveVersion = 1;
	classes = {
	};
	objectVersion = 46;
	objects = {

/* Begin PBXBuildFile section */
		B89E47171B4F53810067075A /* main.m in Sources */ = {isa = PBXBuildFile; fileRef = B89E47161B4F53810067075A /* main.m */; };
		B89E471A1B4F53810067075A /* AppDelegate.m in Sources */ = {isa = PBXBuildFile; fileRef = B89E47191B4F53810067075A /* AppDelegate.m */; };
		B89E471D1B4F53810067075A /* GameScene.m in Sources */ = {isa = PBXBuildFile; fileRef = B89E471C1B4F53810067075A /* GameScene.m */; };
		B89E471F1B4F53810067075A /* GameScene.sks in Resources */ = {isa = PBXBuildFile; fileRef = B89E471E1B4F53810067075A /* GameScene.sks */; };
		B89E47221B4F53810067075A /* GameViewController.m in Sources */ = {isa = PBXBuildFile; fileRef = B89E47211B4F53810067075A /* GameViewController.m */; };
		B89E47251B4F53810067075A /* Main.storyboard in Resources */ = {isa = PBXBuildFile; fileRef = B89E47231B4F53810067075A /* Main.storyboard */; };
		B89E47271B4F53810067075A /* Images.xcassets in Resources */ = {isa = PBXBuildFile; fileRef = B89E47261B4F53810067075A /* Images.xcassets */; };
		B89E472A1B4F53810067075A /* LaunchScreen.xib in Resources */ = {isa = PBXBuildFile; fileRef = B89E47281B4F53810067075A /* LaunchScreen.xib */; };
		B89E47361B4F53810067075A /* AstroBlastInvasionTests.m in Sources */ = {isa = PBXBuildFile; fileRef = B89E47351B4F53810067075A /* AstroBlastInvasionTests.m */; };
/* End PBXBuildFile section */

/* Begin PBXContainerItemProxy section */
		B89E47301B4F53810067075A /* PBXContainerItemProxy */ = {
			isa = PBXContainerItemProxy;
			containerPortal = B89E47091B4F53810067075A /* Project object */;
			proxyType = 1;
			remoteGlobalIDString = B89E47101B4F53810067075A;
			remoteInfo = AstroBlastInvasion;
		};
/* End PBXContainerItemProxy section */

/* Begin PBXFileReference section */
		B89E47111B4F53810067075A /* AstroBlastInvasion.app */ = {isa = PBXFileReference; explicitFileType = wrapper.application; includeInIndex = 0; path = AstroBlastInvasion.app; sourceTree = BUILT_PRODUCTS_DIR; };
		B89E47151B4F53810067075A /* Info.plist */ = {isa = PBXFileReference; lastKnownFileType = text.plist.xml; path = Info.plist; sourceTree = "<group>"; };
		B89E47161B4F53810067075A /* main.m */ = {isa = PBXFileReference; lastKnownFileType = sourcecode.c.objc; path = main.m; sourceTree = "<group>"; };
		B89E47181B4F53810067075A /* AppDelegate.h */ = {isa = PBXFileReference; lastKnownFileType = sourcecode.c.h; path = AppDelegate.h; sourceTree = "<group>"; };
		B89E47191B4F53810067075A /* AppDelegate.m */ = {isa = PBXFileReference; lastKnownFileType = sourcecode.c.objc; path = AppDelegate.m; sourceTree = "<group>"; };
		B89E471B1B4F53810067075A /* GameScene.h */ = {isa = PBXFileReference; lastKnownFileType = sourcecode.c.h; path = GameScene.h; sourceTree = "<group>"; };
		B89E471C1B4F53810067075A /* GameScene.m */ = {isa = PBXFileReference; lastKnownFileType = sourcecode.c.objc; path = GameScene.m; sourceTree = "<group>"; };
		B89E471E1B4F53810067075A /* GameScene.sks */ = {isa = PBXFileReference; lastKnownFileType = file.sks; path = GameScene.sks; sourceTree = "<group>"; };
		B89E47201B4F53810067075A /* GameViewController.h */ = {isa = PBXFileReference; lastKnownFileType = sourcecode.c.h; path = GameViewController.h; sourceTree = "<group>"; };
		B89E47211B4F53810067075A /* GameViewController.m */ = {isa = PBXFileReference; lastKnownFileType = sourcecode.c.objc; path = GameViewController.m; sourceTree = "<group>"; };
		B89E47241B4F53810067075A /* Base */ = {isa = PBXFileReference; lastKnownFileType = file.storyboard; name = Base; path = Base.lproj/Main.storyboard; sourceTree = "<group>"; };
		B89E47261B4F53810067075A /* Images.xcassets */ = {isa = PBXFileReference; lastKnownFileType = folder.assetcatalog; path = Images.xcassets; sourceTree = "<group>"; };
		B89E47291B4F53810067075A /* Base */ = {isa = PBXFileReference; lastKnownFileType = file.xib; name = Base; path = Base.lproj/LaunchScreen.xib; sourceTree = "<group>"; };
		B89E472F1B4F53810067075A /* AstroBlastInvasionTests.xctest */ = {isa = PBXFileReference; explicitFileType = wrapper.cfbundle; includeInIndex = 0; path = AstroBlastInvasionTests.xctest; sourceTree = BUILT_PRODUCTS_DIR; };
		B89E47341B4F53810067075A /* Info.plist */ = {isa = PBXFileReference; lastKnownFileType = text.plist.xml; path = Info.plist; sourceTree = "<group>"; };
		B89E47351B4F53810067075A /* AstroBlastInvasionTests.m */ = {isa = PBXFileReference; lastKnownFileType = sourcecode.c.objc; path = AstroBlastInvasionTests.m; sourceTree = "<group>"; };
/* End PBXFileReference section */

/* Begin PBXFrameworksBuildPhase section */
		B89E470E1B4F53810067075A /* Frameworks */ = {
			isa = PBXFrameworksBuildPhase;
			buildActionMask = 2147483647;
			files = (
			);
			runOnlyForDeploymentPostprocessing = 0;
		};
		B89E472C1B4F53810067075A /* Frameworks */ = {
			isa = PBXFrameworksBuildPhase;
			buildActionMask = 2147483647;
			files = (
			);
			runOnlyForDeploymentPostprocessing = 0;
		};
/* End PBXFrameworksBuildPhase section */

/* Begin PBXGroup section */
		B89E47081B4F53810067075A = {
			isa = PBXGroup;
			children = (
				B89E47131B4F53810067075A /* AstroBlastInvasion */,
				B89E47321B4F53810067075A /* AstroBlastInvasionTests */,
				B89E47121B4F53810067075A /* Products */,
			);
			sourceTree = "<group>";
		};
		B89E47121B4F53810067075A /* Products */ = {
			isa = PBXGroup;
			children = (
				B89E47111B4F53810067075A /* AstroBlastInvasion.app */,
				B89E472F1B4F53810067075A /* AstroBlastInvasionTests.xctest */,
			);
			name = Products;
			sourceTree = "<group>";
		};
		B89E47131B4F53810067075A /* AstroBlastInvasion */ = {
			isa = PBXGroup;
			children = (
				B89E47181B4F53810067075A /* AppDelegate.h */,
				B89E47191B4F53810067075A /* AppDelegate.m */,
				B89E471B1B4F53810067075A /* GameScene.h */,
				B89E471C1B4F53810067075A /* GameScene.m */,
				B89E471E1B4F53810067075A /* GameScene.sks */,
				B89E47201B4F53810067075A /* GameViewController.h */,
				B89E47211B4F53810067075A /* GameViewController.m */,
				B89E47231B4F53810067075A /* Main.storyboard */,
				B89E47261B4F53810067075A /* Images.xcassets */,
				B89E47281B4F53810067075A /* LaunchScreen.xib */,
				B89E47141B4F53810067075A /* Supporting Files */,
			);
			path = AstroBlastInvasion;
			sourceTree = "<group>";
		};
		B89E47141B4F53810067075A /* Supporting Files */ = {
			isa = PBXGroup;
			children = (
				B89E47151B4F53810067075A /* Info.plist */,
				B89E47161B4F53810067075A /* main.m */,
			);
			name = "Supporting Files";
			sourceTree = "<group>";
		};
		B89E47321B4F53810067075A /* AstroBlastInvasionTests */ = {
			isa = PBXGroup;
			children = (
				B89E47351B4F53810067075A /* AstroBlastInvasionTests.m */,
				B89E47331B4F53810067075A /* Supporting Files */,
			);
			path = AstroBlastInvasionTests;
			sourceTree = "<group>";
		};
		B89E47331B4F53810067075A /* Supporting Files */ = {
			isa = PBXGroup;
			children = (
				B89E47341B4F53810067075A /* Info.plist */,
			);
			name = "Supporting Files";
			sourceTree = "<group>";
		};
/* End PBXGroup section */

/* Begin PBXNativeTarget section */
		B89E47101B4F53810067075A /* AstroBlastInvasion */ = {
			isa = PBXNativeTarget;
			buildConfigurationList = B89E47391B4F53810067075A /* Build configuration list for PBXNativeTarget "AstroBlastInvasion" */;
			buildPhases = (
				B89E470D1B4F53810067075A /* Sources */,
				B89E470E1B4F53810067075A /* Frameworks */,
				B89E470F1B4F53810067075A /* Resources */,
			);
			buildRules = (
			);
			dependencies = (
			);
			name = AstroBlastInvasion;
			productName = AstroBlastInvasion;
			productReference = B89E47111B4F53810067075A /* AstroBlastInvasion.app */;
			productType = "com.apple.product-type.application";
		};
		B89E472E1B4F53810067075A /* AstroBlastInvasionTests */ = {
			isa = PBXNativeTarget;
			buildConfigurationList = B89E473C1B4F53810067075A /* Build configuration list for PBXNativeTarget "AstroBlastInvasionTests" */;
			buildPhases = (
				B89E472B1B4F53810067075A /* Sources */,
				B89E472C1B4F53810067075A /* Frameworks */,
				B89E472D1B4F53810067075A /* Resources */,
			);
			buildRules = (
			);
			dependencies = (
				B89E47311B4F53810067075A /* PBXTargetDependency */,
			);
			name = AstroBlastInvasionTests;
			productName = AstroBlastInvasionTests;
			productReference = B89E472F1B4F53810067075A /* AstroBlastInvasionTests.xctest */;
			productType = "com.apple.product-type.bundle.unit-test";
		};
/* End PBXNativeTarget section */

/* Begin PBXProject section */
		B89E47091B4F53810067075A /* Project object */ = {
			isa = PBXProject;
			attributes = {
				LastUpgradeCheck = 0640;
				ORGANIZATIONNAME = "Elijah Freestone";
				TargetAttributes = {
					B89E47101B4F53810067075A = {
						CreatedOnToolsVersion = 6.4;
					};
					B89E472E1B4F53810067075A = {
						CreatedOnToolsVersion = 6.4;
						TestTargetID = B89E47101B4F53810067075A;
					};
				};
			};
			buildConfigurationList = B89E470C1B4F53810067075A /* Build configuration list for PBXProject "AstroBlastInvasion" */;
			compatibilityVersion = "Xcode 3.2";
			developmentRegion = English;
			hasScannedForEncodings = 0;
			knownRegions = (
				en,
				Base,
			);
			mainGroup = B89E47081B4F53810067075A;
			productRefGroup = B89E47121B4F53810067075A /* Products */;
			projectDirPath = "";
			projectRoot = "";
			targets = (
				B89E47101B4F53810067075A /* AstroBlastInvasion */,
				B89E472E1B4F53810067075A /* AstroBlastInvasionTests */,
			);
		};
/* End PBXProject section */

/* Begin PBXResourcesBuildPhase section */
		B89E470F1B4F53810067075A /* Resources */ = {
			isa = PBXResourcesBuildPhase;
			buildActionMask = 2147483647;
			files = (
				B89E472A1B4F53810067075A /* LaunchScreen.xib in Resources */,
				B89E47271B4F53810067075A /* Images.xcassets in Resources */,
				B89E471F1B4F53810067075A /* GameScene.sks in Resources */,
				B89E47251B4F53810067075A /* Main.storyboard in Resources */,
			);
			runOnlyForDeploymentPostprocessing = 0;
		};
		B89E472D1B4F53810067075A /* Resources */ = {
			isa = PBXResourcesBuildPhase;
			buildActionMask = 2147483647;
			files = (
			);
			runOnlyForDeploymentPostprocessing = 0;
		};
/* End PBXResourcesBuildPhase section */

/* Begin PBXSourcesBuildPhase section */
		B89E470D1B4F53810067075A /* Sources */ = {
			isa = PBXSourcesBuildPhase;
			buildActionMask = 2147483647;
			files = (
				B89E47221B4F53810067075A /* GameViewController.m in Sources */,
				B89E471A1B4F53810067075A /* AppDelegate.m in Sources */,
				B89E471D1B4F53810067075A /* GameScene.m in Sources */,
				B89E47171B4F53810067075A /* main.m in Sources */,
			);
			runOnlyForDeploymentPostprocessing = 0;
		};
		B89E472B1B4F53810067075A /* Sources */ = {
			isa = PBXSourcesBuildPhase;
			buildActionMask = 2147483647;
			files = (
				B89E47361B4F53810067075A /* AstroBlastInvasionTests.m in Sources */,
			);
			runOnlyForDeploymentPostprocessing = 0;
		};
/* End PBXSourcesBuildPhase section */

/* Begin PBXTargetDependency section */
		B89E47311B4F53810067075A /* PBXTargetDependency */ = {
			isa = PBXTargetDependency;
			target = B89E47101B4F53810067075A /* AstroBlastInvasion */;
			targetProxy = B89E47301B4F53810067075A /* PBXContainerItemProxy */;
		};
/* End PBXTargetDependency section */

/* Begin PBXVariantGroup section */
		B89E47231B4F53810067075A /* Main.storyboard */ = {
			isa = PBXVariantGroup;
			children = (
				B89E47241B4F53810067075A /* Base */,
			);
			name = Main.storyboard;
			sourceTree = "<group>";
		};
		B89E47281B4F53810067075A /* LaunchScreen.xib */ = {
			isa = PBXVariantGroup;
			children = (
				B89E47291B4F53810067075A /* Base */,
			);
			name = LaunchScreen.xib;
			sourceTree = "<group>";
		};
/* End PBXVariantGroup section */

/* Begin XCBuildConfiguration section */
		B89E47371B4F53810067075A /* Debug */ = {
			isa = XCBuildConfiguration;
			buildSettings = {
				ALWAYS_SEARCH_USER_PATHS = NO;
				CLANG_CXX_LANGUAGE_STANDARD = "gnu++0x";
				CLANG_CXX_LIBRARY = "libc++";
				CLANG_ENABLE_MODULES = YES;
				CLANG_ENABLE_OBJC_ARC = YES;
				CLANG_WARN_BOOL_CONVERSION = YES;
				CLANG_WARN_CONSTANT_CONVERSION = YES;
				CLANG_WARN_DIRECT_OBJC_ISA_USAGE = YES_ERROR;
				CLANG_WARN_EMPTY_BODY = YES;
				CLANG_WARN_ENUM_CONVERSION = YES;
				CLANG_WARN_INT_CONVERSION = YES;
				CLANG_WARN_OBJC_ROOT_CLASS = YES_ERROR;
				CLANG_WARN_UNREACHABLE_CODE = YES;
				CLANG_WARN__DUPLICATE_METHOD_MATCH = YES;
				"CODE_SIGN_IDENTITY[sdk=iphoneos*]" = "iPhone Developer";
				COPY_PHASE_STRIP = NO;
				DEBUG_INFORMATION_FORMAT = "dwarf-with-dsym";
				ENABLE_STRICT_OBJC_MSGSEND = YES;
				GCC_C_LANGUAGE_STANDARD = gnu99;
				GCC_DYNAMIC_NO_PIC = NO;
				GCC_NO_COMMON_BLOCKS = YES;
				GCC_OPTIMIZATION_LEVEL = 0;
				GCC_PREPROCESSOR_DEFINITIONS = (
					"DEBUG=1",
					"$(inherited)",
				);
				GCC_SYMBOLS_PRIVATE_EXTERN = NO;
				GCC_WARN_64_TO_32_BIT_CONVERSION = YES;
				GCC_WARN_ABOUT_RETURN_TYPE = YES_ERROR;
				GCC_WARN_UNDECLARED_SELECTOR = YES;
				GCC_WARN_UNINITIALIZED_AUTOS = YES_AGGRESSIVE;
				GCC_WARN_UNUSED_FUNCTION = YES;
				GCC_WARN_UNUSED_VARIABLE = YES;
				IPHONEOS_DEPLOYMENT_TARGET = 8.4;
				MTL_ENABLE_DEBUG_INFO = YES;
				ONLY_ACTIVE_ARCH = YES;
				SDKROOT = iphoneos;
				TARGETED_DEVICE_FAMILY = "1,2";
			};
			name = Debug;
		};
		B89E47381B4F53810067075A /* Release */ = {
			isa = XCBuildConfiguration;
			buildSettings = {
				ALWAYS_SEARCH_USER_PATHS = NO;
				CLANG_CXX_LANGUAGE_STANDARD = "gnu++0x";
				CLANG_CXX_LIBRARY = "libc++";
				CLANG_ENABLE_MODULES = YES;
				CLANG_ENABLE_OBJC_ARC = YES;
				CLANG_WARN_BOOL_CONVERSION = YES;
				CLANG_WARN_CONSTANT_CONVERSION = YES;
				CLANG_WARN_DIRECT_OBJC_ISA_USAGE = YES_ERROR;
				CLANG_WARN_EMPTY_BODY = YES;
				CLANG_WARN_ENUM_CONVERSION = YES;
				CLANG_WARN_INT_CONVERSION = YES;
				CLANG_WARN_OBJC_ROOT_CLASS = YES_ERROR;
				CLANG_WARN_UNREACHABLE_CODE = YES;
				CLANG_WARN__DUPLICATE_METHOD_MATCH = YES;
				"CODE_SIGN_IDENTITY[sdk=iphoneos*]" = "iPhone Developer";
				COPY_PHASE_STRIP = NO;
				DEBUG_INFORMATION_FORMAT = "dwarf-with-dsym";
				ENABLE_NS_ASSERTIONS = NO;
				ENABLE_STRICT_OBJC_MSGSEND = YES;
				GCC_C_LANGUAGE_STANDARD = gnu99;
				GCC_NO_COMMON_BLOCKS = YES;
				GCC_WARN_64_TO_32_BIT_CONVERSION = YES;
				GCC_WARN_ABOUT_RETURN_TYPE = YES_ERROR;
				GCC_WARN_UNDECLARED_SELECTOR = YES;
				GCC_WARN_UNINITIALIZED_AUTOS = YES_AGGRESSIVE;
				GCC_WARN_UNUSED_FUNCTION = YES;
				GCC_WARN_UNUSED_VARIABLE = YES;
				IPHONEOS_DEPLOYMENT_TARGET = 8.4;
				MTL_ENABLE_DEBUG_INFO = NO;
				SDKROOT = iphoneos;
				TARGETED_DEVICE_FAMILY = "1,2";
				VALIDATE_PRODUCT = YES;
			};
			name = Release;
		};
		B89E473A1B4F53810067075A /* Debug */ = {
			isa = XCBuildConfiguration;
			buildSettings = {
				ASSETCATALOG_COMPILER_APPICON_NAME = AppIcon;
				INFOPLIST_FILE = AstroBlastInvasion/Info.plist;
				LD_RUNPATH_SEARCH_PATHS = "$(inherited) @executable_path/Frameworks";
				PRODUCT_NAME = "$(TARGET_NAME)";
			};
			name = Debug;
		};
		B89E473B1B4F53810067075A /* Release */ = {
			isa = XCBuildConfiguration;
			buildSettings = {
				ASSETCATALOG_COMPILER_APPICON_NAME = AppIcon;
				INFOPLIST_FILE = AstroBlastInvasion/Info.plist;
				LD_RUNPATH_SEARCH_PATHS = "$(inherited) @executable_path/Frameworks";
				PRODUCT_NAME = "$(TARGET_NAME)";
			};
			name = Release;
		};
		B89E473D1B4F53810067075A /* Debug */ = {
			isa = XCBuildConfiguration;
			buildSettings = {
				BUNDLE_LOADER = "$(TEST_HOST)";
				FRAMEWORK_SEARCH_PATHS = (
					"$(SDKROOT)/Developer/Library/Frameworks",
					"$(inherited)",
				);
				GCC_PREPROCESSOR_DEFINITIONS = (
					"DEBUG=1",
					"$(inherited)",
				);
				INFOPLIST_FILE = AstroBlastInvasionTests/Info.plist;
				LD_RUNPATH_SEARCH_PATHS = "$(inherited) @executable_path/Frameworks @loader_path/Frameworks";
				PRODUCT_NAME = "$(TARGET_NAME)";
				TEST_HOST = "$(BUILT_PRODUCTS_DIR)/AstroBlastInvasion.app/AstroBlastInvasion";
			};
			name = Debug;
		};
		B89E473E1B4F53810067075A /* Release */ = {
			isa = XCBuildConfiguration;
			buildSettings = {
				BUNDLE_LOADER = "$(TEST_HOST)";
				FRAMEWORK_SEARCH_PATHS = (
					"$(SDKROOT)/Developer/Library/Frameworks",
					"$(inherited)",
				);
				INFOPLIST_FILE = AstroBlastInvasionTests/Info.plist;
				LD_RUNPATH_SEARCH_PATHS = "$(inherited) @executable_path/Frameworks @loader_path/Frameworks";
				PRODUCT_NAME = "$(TARGET_NAME)";
				TEST_HOST = "$(BUILT_PRODUCTS_DIR)/AstroBlastInvasion.app/AstroBlastInvasion";
			};
			name = Release;
		};
/* End XCBuildConfiguration section */

/* Begin XCConfigurationList section */
		B89E470C1B4F53810067075A /* Build configuration list for PBXProject "AstroBlastInvasion" */ = {
			isa = XCConfigurationList;
			buildConfigurations = (
				B89E47371B4F53810067075A /* Debug */,
				B89E47381B4F53810067075A /* Release */,
			);
			defaultConfigurationIsVisible = 0;
			defaultConfigurationName = Release;
		};
		B89E47391B4F53810067075A /* Build configuration list for PBXNativeTarget "AstroBlastInvasion" */ = {
			isa = XCConfigurationList;
			buildConfigurations = (
				B89E473A1B4F53810067075A /* Debug */,
				B89E473B1B4F53810067075A /* Release */,
			);
			defaultConfigurationIsVisible = 0;
		};
		B89E473C1B4F53810067075A /* Build configuration list for PBXNativeTarget "AstroBlastInvasionTests" */ = {
			isa = XCConfigurationList;
			buildConfigurations = (
				B89E473D1B4F53810067075A /* Debug */,
				B89E473E1B4F53810067075A /* Release */,
			);
			defaultConfigurationIsVisible = 0;
		};
/* End XCConfigurationList section */
	};
	rootObject = B89E47091B4F53810067075A /* Project object */;
}
